
Microsoft Visual Studio Solution File, Format Version 12.00
# Visual Studio Version 16
VisualStudioVersion = 16.0.31702.278
MinimumVisualStudioVersion = 10.0.40219.1
Project("{FAE04EC0-301F-11D3-BF4B-00C04F79EFBC}") = "SamuraiApp.Domain", "SamuraiApp.Domain\SamuraiApp.Domain.csproj", "{D42E9D8D-4B52-471C-B58E-53205C6EB178}"
EndProject
Project("{FAE04EC0-301F-11D3-BF4B-00C04F79EFBC}") = "SamuraiApp.Data", "SamuraiApp.Data\SamuraiApp.Data.csproj", "{4C9AA70C-B5C4-4295-A289-9877DDB30E5B}"
EndProject
Project("{FAE04EC0-301F-11D3-BF4B-00C04F79EFBC}") = "SamuraiApp.UI", "SamuraiApp.UI\SamuraiApp.UI.csproj", "{4D937BA9-D006-4DC5-A600-AECA771C939B}"
EndProject
Global
	GlobalSection(SolutionConfigurationPlatforms) = preSolution
		Debug|Any CPU = Debug|Any CPU
		Release|Any CPU = Release|Any CPU
	EndGlobalSection
	GlobalSection(ProjectConfigurationPlatforms) = postSolution
		{D42E9D8D-4B52-471C-B58E-53205C6EB178}.Debug|Any CPU.ActiveCfg = Debug|Any CPU
		{D42E9D8D-4B52-471C-B58E-53205C6EB178}.Debug|Any CPU.Build.0 = Debug|Any CPU
		{D42E9D8D-4B52-471C-B58E-53205C6EB178}.Release|Any CPU.ActiveCfg = Release|Any CPU
		{D42E9D8D-4B52-471C-B58E-53205C6EB178}.Release|Any CPU.Build.0 = Release|Any CPU
		{4C9AA70C-B5C4-4295-A289-9877DDB30E5B}.Debug|Any CPU.ActiveCfg = Debug|Any CPU
		{4C9AA70C-B5C4-4295-A289-9877DDB30E5B}.Debug|Any CPU.Build.0 = Debug|Any CPU
		{4C9AA70C-B5C4-4295-A289-9877DDB30E5B}.Release|Any CPU.ActiveCfg = Release|Any CPU
		{4C9AA70C-B5C4-4295-A289-9877DDB30E5B}.Release|Any CPU.Build.0 = Release|Any CPU
		{4D937BA9-D006-4DC5-A600-AECA771C939B}.Debug|Any CPU.ActiveCfg = Debug|Any CPU
		{4D937BA9-D006-4DC5-A600-AECA771C939B}.Debug|Any CPU.Build.0 = Debug|Any CPU
		{4D937BA9-D006-4DC5-A600-AECA771C939B}.Release|Any CPU.ActiveCfg = Release|Any CPU
		{4D937BA9-D006-4DC5-A600-AECA771C939B}.Release|Any CPU.Build.0 = Release|Any CPU
	EndGlobalSection
	GlobalSection(SolutionProperties) = preSolution
		HideSolutionNode = FALSE
	EndGlobalSection
	GlobalSection(ExtensibilityGlobals) = postSolution
		SolutionGuid = {ABA2F52A-33B6-411F-9B13-657883EC077A}
	EndGlobalSection
EndGlobal
